{
  "version": 4,
  "terraform_version": "1.0.2",
  "serial": 4,
  "lineage": "24af7300-35bc-856f-e340-9ced65512a02",
  "outputs": {},
  "resources": [
    {
      "mode": "managed",
      "type": "aws_instance",
      "name": "jenkins_vm",
      "provider": "provider[\"registry.terraform.io/hashicorp/aws\"]",
      "instances": [
        {
          "status": "tainted",
          "schema_version": 1,
          "attributes": {
            "ami": "ami-00399ec92321828f5",
            "arn": "arn:aws:ec2:us-east-2:688754990085:instance/i-02cafa99e87b3415e",
            "associate_public_ip_address": true,
            "availability_zone": "us-east-2c",
            "capacity_reservation_specification": [
              {
                "capacity_reservation_preference": "open",
                "capacity_reservation_target": []
              }
            ],
            "cpu_core_count": 1,
            "cpu_threads_per_core": 1,
            "credit_specification": [
              {
                "cpu_credits": "standard"
              }
            ],
            "disable_api_termination": false,
            "ebs_block_device": [],
            "ebs_optimized": false,
            "enclave_options": [
              {
                "enabled": false
              }
            ],
            "ephemeral_block_device": [],
            "get_password_data": false,
            "hibernation": false,
            "host_id": null,
            "iam_instance_profile": "",
            "id": "i-02cafa99e87b3415e",
            "instance_initiated_shutdown_behavior": "stop",
            "instance_state": "running",
            "instance_type": "t2.micro",
            "ipv6_address_count": 0,
            "ipv6_addresses": [],
            "key_name": "devopsproject_jenkins_vm",
            "metadata_options": [
              {
                "http_endpoint": "enabled",
                "http_put_response_hop_limit": 1,
                "http_tokens": "optional"
              }
            ],
            "monitoring": false,
            "network_interface": [],
            "outpost_arn": "",
            "password_data": "",
            "placement_group": "",
            "primary_network_interface_id": "eni-0f69d1a536e8a5979",
            "private_dns": "ip-172-31-38-198.us-east-2.compute.internal",
            "private_ip": "172.31.38.198",
            "public_dns": "ec2-3-131-141-167.us-east-2.compute.amazonaws.com",
            "public_ip": "3.131.141.167",
            "root_block_device": [
              {
                "delete_on_termination": true,
                "device_name": "/dev/sda1",
                "encrypted": false,
                "iops": 100,
                "kms_key_id": "",
                "tags": {},
                "throughput": 0,
                "volume_id": "vol-012e33c1a84d8a591",
                "volume_size": 8,
                "volume_type": "gp2"
              }
            ],
            "secondary_private_ips": [],
            "security_groups": [
              "Jenkins VM security group"
            ],
            "source_dest_check": true,
            "subnet_id": "subnet-61d61f2d",
            "tags": {
              "Name": "Jenkins VM"
            },
            "tags_all": {
              "Name": "Jenkins VM"
            },
            "tenancy": "default",
            "timeouts": null,
            "user_data": null,
            "user_data_base64": null,
            "volume_tags": null,
            "vpc_security_group_ids": [
              "sg-0b37804f4fecd449a"
            ]
          },
          "sensitive_attributes": [],
          "private": "eyJlMmJmYjczMC1lY2FhLTExZTYtOGY4OC0zNDM2M2JjN2M0YzAiOnsiY3JlYXRlIjo2MDAwMDAwMDAwMDAsImRlbGV0ZSI6MTIwMDAwMDAwMDAwMCwidXBkYXRlIjo2MDAwMDAwMDAwMDB9LCJzY2hlbWFfdmVyc2lvbiI6IjEifQ==",
          "dependencies": [
            "aws_key_pair.jenkins",
            "aws_security_group.jenkins_vm"
          ]
        }
      ]
    },
    {
      "mode": "managed",
      "type": "aws_key_pair",
      "name": "jenkins",
      "provider": "provider[\"registry.terraform.io/hashicorp/aws\"]",
      "instances": [
        {
          "schema_version": 1,
          "attributes": {
            "arn": "arn:aws:ec2:us-east-2:688754990085:key-pair/devopsproject_jenkins_vm",
            "fingerprint": "b7:2e:d8:9f:5e:ec:f2:c4:81:20:4b:34:df:03:01:1d",
            "id": "devopsproject_jenkins_vm",
            "key_name": "devopsproject_jenkins_vm",
            "key_name_prefix": null,
            "key_pair_id": "key-0c89e07e0884029bd",
            "public_key": "ssh-rsa AAAAB3NzaC1yc2EAAAADAQABAAABgQC/+FdZVK4ROEFvGjUVAv5sE088fQfRY2NIWb4DLNqKKMS+NoTjrkRXyH6t1D4EILn7M0N9FQizwMcRx2OZXENkOfnJCBI/TVG/5JBBnGYhxsiet2pDEvcHrsl+L/7iqvOkxNPwvoR7lkMT6vPnqgEz3ldryTPh5/C7IBm7swLbkNXkCm0WcErb92Y5ZX9fdA83PSR+SZSqGFfOEMj1dn/bz2N2ZLzY2jG905NRGfZbpLa4WZVqclw2pRkgP6uTrabYPHLsaow/tbNELteqXzVbKzvE8Ovst1m9YOdCrx+vrsutyuV2r+R9VxDYYrcHGw7RExqXpg4vrvmp10T5cdSIYcSg2NtvvXuegNsJnYeflqwVUbx46wVChH1L0UMlT7LIHyLEmP9+rEI2vA7Wr2EFJJeFMR2c8zzCYkxn7QwOzuUvTxQEocJ8S3LtDl5wcVihWs2vQOlLUTojL3zlwK+/Zpbu7qozny0W7xp4w9IXuyvbhxKzxhY2AMFzrcsDFtk= m1ck3y@m1ck3yPC",
            "tags": null,
            "tags_all": {}
          },
          "sensitive_attributes": [],
          "private": "eyJzY2hlbWFfdmVyc2lvbiI6IjEifQ=="
        }
      ]
    },
    {
      "mode": "managed",
      "type": "aws_security_group",
      "name": "jenkins_vm",
      "provider": "provider[\"registry.terraform.io/hashicorp/aws\"]",
      "instances": [
        {
          "schema_version": 1,
          "attributes": {
            "arn": "arn:aws:ec2:us-east-2:688754990085:security-group/sg-0b37804f4fecd449a",
            "description": "Managed by Terraform",
            "egress": [
              {
                "cidr_blocks": [
                  "0.0.0.0/0"
                ],
                "description": "",
                "from_port": 0,
                "ipv6_cidr_blocks": [],
                "prefix_list_ids": [],
                "protocol": "-1",
                "security_groups": [],
                "self": false,
                "to_port": 0
              }
            ],
            "id": "sg-0b37804f4fecd449a",
            "ingress": [
              {
                "cidr_blocks": [
                  "0.0.0.0/0"
                ],
                "description": "",
                "from_port": 22,
                "ipv6_cidr_blocks": [],
                "prefix_list_ids": [],
                "protocol": "tcp",
                "security_groups": [],
                "self": false,
                "to_port": 22
              },
              {
                "cidr_blocks": [
                  "0.0.0.0/0"
                ],
                "description": "",
                "from_port": 8080,
                "ipv6_cidr_blocks": [],
                "prefix_list_ids": [],
                "protocol": "tcp",
                "security_groups": [],
                "self": false,
                "to_port": 8080
              }
            ],
            "name": "Jenkins VM security group",
            "name_prefix": "",
            "owner_id": "688754990085",
            "revoke_rules_on_delete": false,
            "tags": null,
            "tags_all": {},
            "timeouts": null,
            "vpc_id": "vpc-2e2a2a46"
          },
          "sensitive_attributes": [],
          "private": "eyJlMmJmYjczMC1lY2FhLTExZTYtOGY4OC0zNDM2M2JjN2M0YzAiOnsiY3JlYXRlIjo2MDAwMDAwMDAwMDAsImRlbGV0ZSI6OTAwMDAwMDAwMDAwfSwic2NoZW1hX3ZlcnNpb24iOiIxIn0="
        }
      ]
    }
  ]
}
